
Microsoft Visual Studio Solution File, Format Version 12.00
# Visual Studio Version 16
VisualStudioVersion = 16.0.30114.105
MinimumVisualStudioVersion = 10.0.40219.1
Project("{2150E333-8FDC-42A3-9474-1A3956D46DE8}") = "command-stream", "command-stream", "{D20E52FD-1250-41EC-A716-65579044168C}"
EndProject
Project("{FAE04EC0-301F-11D3-BF4B-00C04F79EFBC}") = "command-stream", "command-stream\src\command-stream.csproj", "{0E5542AD-7B0F-4CA7-9354-38423FF56FB3}"
EndProject
Project("{2150E333-8FDC-42A3-9474-1A3956D46DE8}") = "qsharp-server", "qsharp-server", "{6071AA2E-A3DE-469D-BB12-5F7C72FBB453}"
EndProject
Project("{FAE04EC0-301F-11D3-BF4B-00C04F79EFBC}") = "qsharp-server", "qsharp-server\src\qsharp-server.csproj", "{00AED4D2-1A1E-4246-B4CD-6F283CA9C383}"
EndProject
Global
	GlobalSection(SolutionConfigurationPlatforms) = preSolution
		Debug|Any CPU = Debug|Any CPU
		Release|Any CPU = Release|Any CPU
	EndGlobalSection
	GlobalSection(SolutionProperties) = preSolution
		HideSolutionNode = FALSE
	EndGlobalSection
	GlobalSection(ProjectConfigurationPlatforms) = postSolution
		{0E5542AD-7B0F-4CA7-9354-38423FF56FB3}.Debug|Any CPU.ActiveCfg = Debug|Any CPU
		{0E5542AD-7B0F-4CA7-9354-38423FF56FB3}.Debug|Any CPU.Build.0 = Debug|Any CPU
		{0E5542AD-7B0F-4CA7-9354-38423FF56FB3}.Release|Any CPU.ActiveCfg = Release|Any CPU
		{0E5542AD-7B0F-4CA7-9354-38423FF56FB3}.Release|Any CPU.Build.0 = Release|Any CPU
		{00AED4D2-1A1E-4246-B4CD-6F283CA9C383}.Debug|Any CPU.ActiveCfg = Debug|Any CPU
		{00AED4D2-1A1E-4246-B4CD-6F283CA9C383}.Debug|Any CPU.Build.0 = Debug|Any CPU
		{00AED4D2-1A1E-4246-B4CD-6F283CA9C383}.Release|Any CPU.ActiveCfg = Release|Any CPU
		{00AED4D2-1A1E-4246-B4CD-6F283CA9C383}.Release|Any CPU.Build.0 = Release|Any CPU
	EndGlobalSection
	GlobalSection(NestedProjects) = preSolution
		{0E5542AD-7B0F-4CA7-9354-38423FF56FB3} = {D20E52FD-1250-41EC-A716-65579044168C}
		{00AED4D2-1A1E-4246-B4CD-6F283CA9C383} = {6071AA2E-A3DE-469D-BB12-5F7C72FBB453}
	EndGlobalSection
EndGlobal
